
Microsoft Visual Studio Solution File, Format Version 12.00
# Visual Studio Version 16
VisualStudioVersion = 16.0.31702.278
MinimumVisualStudioVersion = 10.0.40219.1
Project("{9A19103F-16F7-4668-BE54-9A1E7A4F7556}") = "BlackJack", "BlackJack.csproj", "{CD584D94-457D-44AF-9A63-1B2D63641FA3}"
	ProjectSection(ProjectDependencies) = postProject
		{C562E914-ECD6-45FA-9366-952DB25BE7E8} = {C562E914-ECD6-45FA-9366-952DB25BE7E8}
		{7903667E-8C1F-47AE-814E-467FEC3B6C80} = {7903667E-8C1F-47AE-814E-467FEC3B6C80}
	EndProjectSection
EndProject
Project("{9A19103F-16F7-4668-BE54-9A1E7A4F7556}") = "GameCardLib", "..\GameCardLib\GameCardLib.csproj", "{7903667E-8C1F-47AE-814E-467FEC3B6C80}"
	ProjectSection(ProjectDependencies) = postProject
		{C562E914-ECD6-45FA-9366-952DB25BE7E8} = {C562E914-ECD6-45FA-9366-952DB25BE7E8}
	EndProjectSection
EndProject
Project("{9A19103F-16F7-4668-BE54-9A1E7A4F7556}") = "UtilitiesLib", "..\UtilitiesLib\UtilitiesLib.csproj", "{C562E914-ECD6-45FA-9366-952DB25BE7E8}"
EndProject
Global
	GlobalSection(SolutionConfigurationPlatforms) = preSolution
		Debug|Any CPU = Debug|Any CPU
		Release|Any CPU = Release|Any CPU
	EndGlobalSection
	GlobalSection(ProjectConfigurationPlatforms) = postSolution
		{CD584D94-457D-44AF-9A63-1B2D63641FA3}.Debug|Any CPU.ActiveCfg = Debug|Any CPU
		{CD584D94-457D-44AF-9A63-1B2D63641FA3}.Debug|Any CPU.Build.0 = Debug|Any CPU
		{CD584D94-457D-44AF-9A63-1B2D63641FA3}.Release|Any CPU.ActiveCfg = Release|Any CPU
		{CD584D94-457D-44AF-9A63-1B2D63641FA3}.Release|Any CPU.Build.0 = Release|Any CPU
		{7903667E-8C1F-47AE-814E-467FEC3B6C80}.Debug|Any CPU.ActiveCfg = Debug|Any CPU
		{7903667E-8C1F-47AE-814E-467FEC3B6C80}.Debug|Any CPU.Build.0 = Debug|Any CPU
		{7903667E-8C1F-47AE-814E-467FEC3B6C80}.Release|Any CPU.ActiveCfg = Release|Any CPU
		{7903667E-8C1F-47AE-814E-467FEC3B6C80}.Release|Any CPU.Build.0 = Release|Any CPU
		{C562E914-ECD6-45FA-9366-952DB25BE7E8}.Debug|Any CPU.ActiveCfg = Debug|Any CPU
		{C562E914-ECD6-45FA-9366-952DB25BE7E8}.Debug|Any CPU.Build.0 = Debug|Any CPU
		{C562E914-ECD6-45FA-9366-952DB25BE7E8}.Release|Any CPU.ActiveCfg = Release|Any CPU
		{C562E914-ECD6-45FA-9366-952DB25BE7E8}.Release|Any CPU.Build.0 = Release|Any CPU
	EndGlobalSection
	GlobalSection(SolutionProperties) = preSolution
		HideSolutionNode = FALSE
	EndGlobalSection
	GlobalSection(ExtensibilityGlobals) = postSolution
		SolutionGuid = {88CF6839-2508-4D5C-9B34-D46AE8D23D42}
	EndGlobalSection
EndGlobal
